
Microsoft Visual Studio Solution File, Format Version 12.00
# Visual Studio Version 17
VisualStudioVersion = 17.7.34009.444
MinimumVisualStudioVersion = 10.0.40219.1
Project("{FAE04EC0-301F-11D3-BF4B-00C04F79EFBC}") = "WebApiPokemon", "WebApiPokemon\WebApiPokemon.csproj", "{893939C9-4CC1-42A2-9C2D-E6F75FC0C75F}"
EndProject
Global
	GlobalSection(SolutionConfigurationPlatforms) = preSolution
		Debug|Any CPU = Debug|Any CPU
		Release|Any CPU = Release|Any CPU
	EndGlobalSection
	GlobalSection(ProjectConfigurationPlatforms) = postSolution
		{893939C9-4CC1-42A2-9C2D-E6F75FC0C75F}.Debug|Any CPU.ActiveCfg = Debug|Any CPU
		{893939C9-4CC1-42A2-9C2D-E6F75FC0C75F}.Debug|Any CPU.Build.0 = Debug|Any CPU
		{893939C9-4CC1-42A2-9C2D-E6F75FC0C75F}.Release|Any CPU.ActiveCfg = Release|Any CPU
		{893939C9-4CC1-42A2-9C2D-E6F75FC0C75F}.Release|Any CPU.Build.0 = Release|Any CPU
	EndGlobalSection
	GlobalSection(SolutionProperties) = preSolution
		HideSolutionNode = FALSE
	EndGlobalSection
	GlobalSection(ExtensibilityGlobals) = postSolution
		SolutionGuid = {A7D7866C-BED4-44BF-8DFB-38BDED19CC2E}
	EndGlobalSection
EndGlobal
